
Microsoft Visual Studio Solution File, Format Version 12.00
# Visual Studio Version 16
VisualStudioVersion = 16.0.29519.181
MinimumVisualStudioVersion = 10.0.40219.1
Project("{9A19103F-16F7-4668-BE54-9A1E7A4F7556}") = "Send", "Send.csproj", "{D5F76011-3EC2-4443-A9D9-0B588F085096}"
EndProject
Global
	GlobalSection(SolutionConfigurationPlatforms) = preSolution
		Debug|Any CPU = Debug|Any CPU
		Release|Any CPU = Release|Any CPU
	EndGlobalSection
	GlobalSection(ProjectConfigurationPlatforms) = postSolution
		{D5F76011-3EC2-4443-A9D9-0B588F085096}.Debug|Any CPU.ActiveCfg = Debug|Any CPU
		{D5F76011-3EC2-4443-A9D9-0B588F085096}.Debug|Any CPU.Build.0 = Debug|Any CPU
		{D5F76011-3EC2-4443-A9D9-0B588F085096}.Release|Any CPU.ActiveCfg = Release|Any CPU
		{D5F76011-3EC2-4443-A9D9-0B588F085096}.Release|Any CPU.Build.0 = Release|Any CPU
	EndGlobalSection
	GlobalSection(SolutionProperties) = preSolution
		HideSolutionNode = FALSE
	EndGlobalSection
	GlobalSection(ExtensibilityGlobals) = postSolution
		SolutionGuid = {7A475773-12A9-4D30-B430-82F47EC4EEF3}
	EndGlobalSection
EndGlobal
